
Microsoft Visual Studio Solution File, Format Version 11.00
# Visual Studio 2010
Project("{8BC9CEB8-8B4A-11D0-8D11-00A0C91BC942}") = "Raspi_ATX_PMU", "Raspi_ATX_PMU.vcxproj", "{4C03A9D3-71C0-43CD-941E-C40ED73ECEDD}"
EndProject
Global
	GlobalSection(SolutionConfigurationPlatforms) = preSolution
		Debug|Win32 = Debug|Win32
		Release|Win32 = Release|Win32
	EndGlobalSection
	GlobalSection(ProjectConfigurationPlatforms) = postSolution
		{4C03A9D3-71C0-43CD-941E-C40ED73ECEDD}.Debug|Win32.ActiveCfg = Debug|Win32
		{4C03A9D3-71C0-43CD-941E-C40ED73ECEDD}.Debug|Win32.Build.0 = Debug|Win32
		{4C03A9D3-71C0-43CD-941E-C40ED73ECEDD}.Release|Win32.ActiveCfg = Release|Win32
		{4C03A9D3-71C0-43CD-941E-C40ED73ECEDD}.Release|Win32.Build.0 = Release|Win32
	EndGlobalSection
	GlobalSection(SolutionProperties) = preSolution
		HideSolutionNode = FALSE
	EndGlobalSection
EndGlobal
